<?xml version="1.0" encoding="utf-8"?>
<Project ToolsVersion="4.0" xmlns="http://schemas.microsoft.com/developer/msbuild/2003">
  <ItemGroup>
    <Filter Include="Source Files">
      <UniqueIdentifier>{c9ec554a-2d6d-4f86-90d2-aeb3453e1a90}</UniqueIdentifier>
      <Extensions>cpp;c;cxx;rc;def;r;odl;idl;hpj;bat</Extensions>
    </Filter>
    <Filter Include="Header Files">
      <UniqueIdentifier>{d1721355-1ed2-491f-8d03-7ede480420a4}</UniqueIdentifier>
      <Extensions>h;hpp;hxx;hm;inl</Extensions>
    </Filter>
    <Filter Include="ReportsFiles">
      <UniqueIdentifier>{433be251-e741-4343-a406-2f8309047bc6}</UniqueIdentifier>
    </Filter>
    <Filter Include="Resource Files">
      <UniqueIdentifier>{84e7522d-e85c-41b7-97c3-5b91963db954}</UniqueIdentifier>
      <Extensions>ico;cur;bmp;dlg;rc2;rct;bin;rgs;gif;jpg;jpeg;jpe</Extensions>
    </Filter>
  </ItemGroup>
  <ItemGroup>
    <ClCompile Include="CHChange.cpp">
      <Filter>Source Files</Filter>
    </ClCompile>
    <ClCompile Include="CHCheckList.cpp">
      <Filter>Source Files</Filter>
    </ClCompile>
    <ClCompile Include="CHCompetitorDraw.cpp">
      <Filter>Source Files</Filter>
    </ClCompile>
    <ClCompile Include="CHGroupDraw.cpp">
      <Filter>Source Files</Filter>
    </ClCompile>
    <ClCompile Include="CHPairDraw.cpp">
      <Filter>Source Files</Filter>
    </ClCompile>
    <ClCompile Include="CHPermutationNumber.cpp">
      <Filter>Source Files</Filter>
    </ClCompile>
    <ClCompile Include="CHPgnMatch.cpp">
      <Filter>Source Files</Filter>
    </ClCompile>
    <ClCompile Include="CHRC08.cpp">
      <Filter>Source Files</Filter>
    </ClCompile>
    <ClCompile Include="CHRC30.cpp">
      <Filter>Source Files</Filter>
    </ClCompile>
    <ClCompile Include="CHRC32A.cpp">
      <Filter>Source Files</Filter>
    </ClCompile>
    <ClCompile Include="CHRC32C.cpp">
      <Filter>Source Files</Filter>
    </ClCompile>
    <ClCompile Include="CHRC35.cpp">
      <Filter>Source Files</Filter>
    </ClCompile>
    <ClCompile Include="CHRC38.cpp">
      <Filter>Source Files</Filter>
    </ClCompile>
    <ClCompile Include="CHRC51.cpp">
      <Filter>Source Files</Filter>
    </ClCompile>
    <ClCompile Include="CHRC51G.cpp">
      <Filter>Source Files</Filter>
    </ClCompile>
    <ClCompile Include="CHRC58.cpp">
      <Filter>Source Files</Filter>
    </ClCompile>
    <ClCompile Include="CHRC74.cpp">
      <Filter>Source Files</Filter>
    </ClCompile>
    <ClCompile Include="CHRC75.cpp">
      <Filter>Source Files</Filter>
    </ClCompile>
    <ClCompile Include="CHRC76.cpp">
      <Filter>Source Files</Filter>
    </ClCompile>
    <ClCompile Include="CHRC76A.cpp">
      <Filter>Source Files</Filter>
    </ClCompile>
    <ClCompile Include="CHRC76B.cpp">
      <Filter>Source Files</Filter>
    </ClCompile>
    <ClCompile Include="CHRC93.cpp">
      <Filter>Source Files</Filter>
    </ClCompile>
    <ClCompile Include="CHRC95.cpp">
      <Filter>Source Files</Filter>
    </ClCompile>
    <ClCompile Include="CHRC96.cpp">
      <Filter>Source Files</Filter>
    </ClCompile>
    <ClCompile Include="CHReportTemplate.cpp">
      <Filter>Source Files</Filter>
    </ClCompile>
    <ClCompile Include="CHRLegends.cpp">
      <Filter>Source Files</Filter>
    </ClCompile>
    <ClCompile Include="CHROfficialsRole.cpp">
      <Filter>Source Files</Filter>
    </ClCompile>
    <ClCompile Include="CHRoundDraw.cpp">
      <Filter>Source Files</Filter>
    </ClCompile>
    <ClCompile Include="CHRPool.cpp">
      <Filter>Source Files</Filter>
    </ClCompile>
    <ClCompile Include="CHSessionPoolround.cpp">
      <Filter>Source Files</Filter>
    </ClCompile>
    <ClCompile Include="CHVEntriesByNoc.cpp">
      <Filter>Source Files</Filter>
    </ClCompile>
    <ClCompile Include="RCHSchedule.cpp">
      <Filter>Source Files</Filter>
    </ClCompile>
    <ClCompile Include="stdVCH.cpp">
      <Filter>Source Files</Filter>
    </ClCompile>
    <ClCompile Include="VCHCheckList.cpp">
      <Filter>Source Files</Filter>
    </ClCompile>
    <ClCompile Include="VCHSchedule.cpp">
      <Filter>Source Files</Filter>
    </ClCompile>
  </ItemGroup>
  <ItemGroup>
    <ClInclude Include="CHChange.h">
      <Filter>Header Files</Filter>
    </ClInclude>
    <ClInclude Include="CHCheckList.h">
      <Filter>Header Files</Filter>
    </ClInclude>
    <ClInclude Include="CHCompetitorDraw.h">
      <Filter>Header Files</Filter>
    </ClInclude>
    <ClInclude Include="CHGroupDraw.h">
      <Filter>Header Files</Filter>
    </ClInclude>
    <ClInclude Include="CHPairDraw.h">
      <Filter>Header Files</Filter>
    </ClInclude>
    <ClInclude Include="CHPermutationNumber.h">
      <Filter>Header Files</Filter>
    </ClInclude>
    <ClInclude Include="CHPgnMatch.h">
      <Filter>Header Files</Filter>
    </ClInclude>
    <ClInclude Include="CHRC08.h">
      <Filter>Header Files</Filter>
    </ClInclude>
    <ClInclude Include="CHRC30.h">
      <Filter>Header Files</Filter>
    </ClInclude>
    <ClInclude Include="CHRC32A.h">
      <Filter>Header Files</Filter>
    </ClInclude>
    <ClInclude Include="CHRC32C.h">
      <Filter>Header Files</Filter>
    </ClInclude>
    <ClInclude Include="CHRC35.h">
      <Filter>Header Files</Filter>
    </ClInclude>
    <ClInclude Include="CHRC38.h">
      <Filter>Header Files</Filter>
    </ClInclude>
    <ClInclude Include="CHRC51.h">
      <Filter>Header Files</Filter>
    </ClInclude>
    <ClInclude Include="CHRC51G.h">
      <Filter>Header Files</Filter>
    </ClInclude>
    <ClInclude Include="CHRC58.h">
      <Filter>Header Files</Filter>
    </ClInclude>
    <ClInclude Include="CHRC74.h">
      <Filter>Header Files</Filter>
    </ClInclude>
    <ClInclude Include="CHRC75.h">
      <Filter>Header Files</Filter>
    </ClInclude>
    <ClInclude Include="CHRC76.h">
      <Filter>Header Files</Filter>
    </ClInclude>
    <ClInclude Include="CHRC76A.h">
      <Filter>Header Files</Filter>
    </ClInclude>
    <ClInclude Include="CHRC76B.h">
      <Filter>Header Files</Filter>
    </ClInclude>
    <ClInclude Include="CHRC93.h">
      <Filter>Header Files</Filter>
    </ClInclude>
    <ClInclude Include="CHRC95.h">
      <Filter>Header Files</Filter>
    </ClInclude>
    <ClInclude Include="CHRC96.h">
      <Filter>Header Files</Filter>
    </ClInclude>
    <ClInclude Include="CHReportDefines.h">
      <Filter>Header Files</Filter>
    </ClInclude>
    <ClInclude Include="CHReportTemplate.h">
      <Filter>Header Files</Filter>
    </ClInclude>
    <ClInclude Include="CHRLegends.h">
      <Filter>Header Files</Filter>
    </ClInclude>
    <ClInclude Include="CHROfficialsRole.h">
      <Filter>Header Files</Filter>
    </ClInclude>
    <ClInclude Include="CHRoundDraw.h">
      <Filter>Header Files</Filter>
    </ClInclude>
    <ClInclude Include="CHRPool.h">
      <Filter>Header Files</Filter>
    </ClInclude>
    <ClInclude Include="CHSessionPoolround.h">
      <Filter>Header Files</Filter>
    </ClInclude>
    <ClInclude Include="CHVEntriesByNoc.h">
      <Filter>Header Files</Filter>
    </ClInclude>
    <ClInclude Include="CHViewsIDs.h">
      <Filter>Header Files</Filter>
    </ClInclude>
    <ClInclude Include="CHVMngtModelDll.h">
      <Filter>Header Files</Filter>
    </ClInclude>
    <ClInclude Include="RCHSchedule.h">
      <Filter>Header Files</Filter>
    </ClInclude>
    <ClInclude Include="stdVCH.h">
      <Filter>Header Files</Filter>
    </ClInclude>
    <ClInclude Include="VCHCheckList.h">
      <Filter>Header Files</Filter>
    </ClInclude>
    <ClInclude Include="VCHSchedule.h">
      <Filter>Header Files</Filter>
    </ClInclude>
  </ItemGroup>
  <ItemGroup>
    <CustomBuild Include="..\CHManager\ReportsFiles\CH.C08.ENG.lis">
      <Filter>ReportsFiles</Filter>
    </CustomBuild>
    <CustomBuild Include="..\CHManager\ReportsFiles\CH.C30.ENG.lis">
      <Filter>ReportsFiles</Filter>
    </CustomBuild>
    <CustomBuild Include="..\CHManager\ReportsFiles\CH.C32A.ENG.lis">
      <Filter>ReportsFiles</Filter>
    </CustomBuild>
    <CustomBuild Include="..\CHManager\ReportsFiles\CH.C32C.ENG.lis">
      <Filter>ReportsFiles</Filter>
    </CustomBuild>
    <CustomBuild Include="..\CHManager\ReportsFiles\CH.C35.eng.lis">
      <Filter>ReportsFiles</Filter>
    </CustomBuild>
    <CustomBuild Include="..\CHManager\ReportsFiles\CH.C51.ENG.lis">
      <Filter>ReportsFiles</Filter>
    </CustomBuild>
    <CustomBuild Include="..\CHManager\ReportsFiles\CH.C58.ENG.lis">
      <Filter>ReportsFiles</Filter>
    </CustomBuild>
    <CustomBuild Include="..\CHManager\ReportsFiles\CH.C74.ENG.lis">
      <Filter>ReportsFiles</Filter>
    </CustomBuild>
    <CustomBuild Include="..\CHManager\ReportsFiles\CH.C75.ENG.lis">
      <Filter>ReportsFiles</Filter>
    </CustomBuild>
    <CustomBuild Include="..\CHManager\ReportsFiles\CH.C76.ENG.lis">
      <Filter>ReportsFiles</Filter>
    </CustomBuild>
    <CustomBuild Include="..\CHManager\ReportsFiles\CH.C93.ENG.lis">
      <Filter>ReportsFiles</Filter>
    </CustomBuild>
    <CustomBuild Include="..\CHManager\ReportsFiles\CH.C96.ENG.lis">
      <Filter>ReportsFiles</Filter>
    </CustomBuild>
    <CustomBuild Include="..\CHManager\ReportsFiles\CH.OfficialsRole.eng.lis">
      <Filter>ReportsFiles</Filter>
    </CustomBuild>
    <CustomBuild Include="..\CHManager\ReportsFiles\CHAsOfInHeader.ENG.lis">
      <Filter>ReportsFiles</Filter>
    </CustomBuild>
    <CustomBuild Include="..\CHManager\ReportsFiles\CHLegends.ENG.lis">
      <Filter>ReportsFiles</Filter>
    </CustomBuild>
    <CustomBuild Include="..\CHManager\ReportsFiles\CHLegendsDescription.ENG.lis">
      <Filter>ReportsFiles</Filter>
    </CustomBuild>
    <CustomBuild Include="..\CHManager\ReportsFiles\Doha.header.lis">
      <Filter>ReportsFiles</Filter>
    </CustomBuild>
  </ItemGroup>
</Project>