
Microsoft Visual Studio Solution File, Format Version 11.00
# Visual Studio 2010
Project("{8BC9CEB8-8B4A-11D0-8D11-00A0C91BC942}") = "CHMngtModel", "CHMngtModel\CHMngtModel.vcxproj", "{0F35D8A9-4284-54C0-260A-F6D5290FE7C9}"
EndProject
Project("{8BC9CEB8-8B4A-11D0-8D11-00A0C91BC942}") = "CHManager", "CHManager\CHManager.vcxproj", "{08E70EFE-6164-4E01-BAF7-809E5F85841B}"
EndProject
Project("{8BC9CEB8-8B4A-11D0-8D11-00A0C91BC942}") = "CHODF", "CHODF\CHODF.vcxproj", "{055F8CFC-330F-4F16-B922-11F8A5D63115}"
EndProject
Project("{8BC9CEB8-8B4A-11D0-8D11-00A0C91BC942}") = "CHRSCAtos", "CHRSCAtos\CHRSCAtos.vcxproj", "{CB6B1AB2-E87C-4440-91F7-2D5191A40013}"
EndProject
Project("{8BC9CEB8-8B4A-11D0-8D11-00A0C91BC942}") = "CHTVManager", "CHTVManager\CHTVManager.vcxproj", "{1664F1FE-F1BF-434F-9DFC-F435C983B01F}"
EndProject
Project("{8BC9CEB8-8B4A-11D0-8D11-00A0C91BC942}") = "CHOVR2CIS", "CHOVR2CIS\CHOVR2CIS.vcxproj", "{558058A1-0B0E-4DED-A80A-474AE0AD9EBF}"
EndProject
Project("{8BC9CEB8-8B4A-11D0-8D11-00A0C91BC942}") = "CHVMngtModel", "CHVMngtModel\CHVMngtModel.vcxproj", "{8771DED8-83EC-4C43-8245-D481D420C4C9}"
EndProject
Project("{8BC9CEB8-8B4A-11D0-8D11-00A0C91BC942}") = "GUITHManager", "..\..\ovr-general\general\gui\GUITHManager\GUITHManager2.vcxproj", "{3EB31230-77D0-4511-B537-1B94A1F68EA1}"
EndProject
Global
	GlobalSection(SolutionConfigurationPlatforms) = preSolution
		Debug|Win32 = Debug|Win32
		Release|Win32 = Release|Win32
	EndGlobalSection
	GlobalSection(ProjectConfigurationPlatforms) = postSolution
		{0F35D8A9-4284-54C0-260A-F6D5290FE7C9}.Debug|Win32.ActiveCfg = Debug|Win32
		{0F35D8A9-4284-54C0-260A-F6D5290FE7C9}.Debug|Win32.Build.0 = Debug|Win32
		{0F35D8A9-4284-54C0-260A-F6D5290FE7C9}.Release|Win32.ActiveCfg = Release|Win32
		{0F35D8A9-4284-54C0-260A-F6D5290FE7C9}.Release|Win32.Build.0 = Release|Win32
		{08E70EFE-6164-4E01-BAF7-809E5F85841B}.Debug|Win32.ActiveCfg = Debug|Win32
		{08E70EFE-6164-4E01-BAF7-809E5F85841B}.Debug|Win32.Build.0 = Debug|Win32
		{08E70EFE-6164-4E01-BAF7-809E5F85841B}.Release|Win32.ActiveCfg = Release|Win32
		{08E70EFE-6164-4E01-BAF7-809E5F85841B}.Release|Win32.Build.0 = Release|Win32
		{055F8CFC-330F-4F16-B922-11F8A5D63115}.Debug|Win32.ActiveCfg = Debug|Win32
		{055F8CFC-330F-4F16-B922-11F8A5D63115}.Debug|Win32.Build.0 = Debug|Win32
		{055F8CFC-330F-4F16-B922-11F8A5D63115}.Release|Win32.ActiveCfg = Release|Win32
		{055F8CFC-330F-4F16-B922-11F8A5D63115}.Release|Win32.Build.0 = Release|Win32
		{CB6B1AB2-E87C-4440-91F7-2D5191A40013}.Debug|Win32.ActiveCfg = Debug|Win32
		{CB6B1AB2-E87C-4440-91F7-2D5191A40013}.Debug|Win32.Build.0 = Debug|Win32
		{CB6B1AB2-E87C-4440-91F7-2D5191A40013}.Release|Win32.ActiveCfg = Release|Win32
		{CB6B1AB2-E87C-4440-91F7-2D5191A40013}.Release|Win32.Build.0 = Release|Win32
		{1664F1FE-F1BF-434F-9DFC-F435C983B01F}.Debug|Win32.ActiveCfg = Debug|Win32
		{1664F1FE-F1BF-434F-9DFC-F435C983B01F}.Debug|Win32.Build.0 = Debug|Win32
		{1664F1FE-F1BF-434F-9DFC-F435C983B01F}.Release|Win32.ActiveCfg = Release|Win32
		{1664F1FE-F1BF-434F-9DFC-F435C983B01F}.Release|Win32.Build.0 = Release|Win32
		{558058A1-0B0E-4DED-A80A-474AE0AD9EBF}.Debug|Win32.ActiveCfg = Debug|Win32
		{558058A1-0B0E-4DED-A80A-474AE0AD9EBF}.Debug|Win32.Build.0 = Debug|Win32
		{558058A1-0B0E-4DED-A80A-474AE0AD9EBF}.Release|Win32.ActiveCfg = Release|Win32
		{558058A1-0B0E-4DED-A80A-474AE0AD9EBF}.Release|Win32.Build.0 = Release|Win32
		{8771DED8-83EC-4C43-8245-D481D420C4C9}.Debug|Win32.ActiveCfg = Debug|Win32
		{8771DED8-83EC-4C43-8245-D481D420C4C9}.Debug|Win32.Build.0 = Debug|Win32
		{8771DED8-83EC-4C43-8245-D481D420C4C9}.Release|Win32.ActiveCfg = Release|Win32
		{8771DED8-83EC-4C43-8245-D481D420C4C9}.Release|Win32.Build.0 = Release|Win32
		{3EB31230-77D0-4511-B537-1B94A1F68EA1}.Debug|Win32.ActiveCfg = Debug|Win32
		{3EB31230-77D0-4511-B537-1B94A1F68EA1}.Debug|Win32.Build.0 = Debug|Win32
		{3EB31230-77D0-4511-B537-1B94A1F68EA1}.Release|Win32.ActiveCfg = Release|Win32
		{3EB31230-77D0-4511-B537-1B94A1F68EA1}.Release|Win32.Build.0 = Release|Win32
	EndGlobalSection
	GlobalSection(SolutionProperties) = preSolution
		HideSolutionNode = FALSE
	EndGlobalSection
EndGlobal
