<?xml version="1.0" encoding="utf-8"?>
<Project ToolsVersion="4.0" xmlns="http://schemas.microsoft.com/developer/msbuild/2003">
  <ItemGroup>
    <Filter Include="Source Files">
      <UniqueIdentifier>{508a6dd4-1f68-43b1-840c-269fecc8d92b}</UniqueIdentifier>
      <Extensions>cpp;c;cxx;rc;def;r;odl;idl;hpj;bat</Extensions>
    </Filter>
    <Filter Include="Header Files">
      <UniqueIdentifier>{5ac40a74-7e93-413a-b9c5-c62b102436e0}</UniqueIdentifier>
      <Extensions>h;hpp;hxx;hm;inl</Extensions>
    </Filter>
    <Filter Include="Resource Files">
      <UniqueIdentifier>{c136712f-7d8d-429a-beea-3697b3df9b01}</UniqueIdentifier>
      <Extensions>ico;cur;bmp;dlg;rc2;rct;bin;rgs;gif;jpg;jpeg;jpe</Extensions>
    </Filter>
  </ItemGroup>
  <ItemGroup>
    <ClCompile Include="CHCourt.cpp">
      <Filter>Source Files</Filter>
    </ClCompile>
    <ClCompile Include="CHDiscipline.cpp">
      <Filter>Source Files</Filter>
    </ClCompile>
    <ClCompile Include="CHEvent.cpp">
      <Filter>Source Files</Filter>
    </ClCompile>
    <ClCompile Include="CHEventResult.cpp">
      <Filter>Source Files</Filter>
    </ClCompile>
    <ClCompile Include="CHInscription.cpp">
      <Filter>Source Files</Filter>
    </ClCompile>
    <ClCompile Include="CHJudge.cpp">
      <Filter>Source Files</Filter>
    </ClCompile>
    <ClCompile Include="CHMasterType.cpp">
      <Filter>Source Files</Filter>
    </ClCompile>
    <ClCompile Include="CHMatch.cpp">
      <Filter>Source Files</Filter>
    </ClCompile>
    <ClCompile Include="CHMatchJudge.cpp">
      <Filter>Source Files</Filter>
    </ClCompile>
    <ClCompile Include="CHMatchMember.cpp">
      <Filter>Source Files</Filter>
    </ClCompile>
    <ClCompile Include="CHMatchResult.cpp">
      <Filter>Source Files</Filter>
    </ClCompile>
    <ClCompile Include="CHMember.cpp">
      <Filter>Source Files</Filter>
    </ClCompile>
    <ClCompile Include="CHMemoryDataBase.cpp">
      <Filter>Source Files</Filter>
    </ClCompile>
    <ClCompile Include="CHPhase.cpp">
      <Filter>Source Files</Filter>
    </ClCompile>
    <ClCompile Include="CHPhaseBase.cpp">
      <Filter>Source Files</Filter>
    </ClCompile>
    <ClCompile Include="CHPool.cpp">
      <Filter>Source Files</Filter>
    </ClCompile>
    <ClCompile Include="CHPoolResult.cpp">
      <Filter>Source Files</Filter>
    </ClCompile>
    <ClCompile Include="CHRatingDif.cpp">
      <Filter>Source Files</Filter>
    </ClCompile>
    <ClCompile Include="CHRegister.cpp">
      <Filter>Source Files</Filter>
    </ClCompile>
    <ClCompile Include="CHSession.cpp">
      <Filter>Source Files</Filter>
    </ClCompile>
    <ClCompile Include="CHSplitMatch.cpp">
      <Filter>Source Files</Filter>
    </ClCompile>
    <ClCompile Include="CHSplitMatchResult.cpp">
      <Filter>Source Files</Filter>
    </ClCompile>
    <ClCompile Include="CHTeamMatchsCnfg.cpp">
      <Filter>Source Files</Filter>
    </ClCompile>
    <ClCompile Include="QCHCourt.cpp">
      <Filter>Source Files</Filter>
    </ClCompile>
    <ClCompile Include="QCHDiscipline.cpp">
      <Filter>Source Files</Filter>
    </ClCompile>
    <ClCompile Include="QCHEvent.cpp">
      <Filter>Source Files</Filter>
    </ClCompile>
    <ClCompile Include="QCHEventResult.cpp">
      <Filter>Source Files</Filter>
    </ClCompile>
    <ClCompile Include="QCHInscription.cpp">
      <Filter>Source Files</Filter>
    </ClCompile>
    <ClCompile Include="QCHJudge.cpp">
      <Filter>Source Files</Filter>
    </ClCompile>
    <ClCompile Include="QCHMasterType.cpp">
      <Filter>Source Files</Filter>
    </ClCompile>
    <ClCompile Include="QCHMatch.cpp">
      <Filter>Source Files</Filter>
    </ClCompile>
    <ClCompile Include="QCHMatchJudge.cpp">
      <Filter>Source Files</Filter>
    </ClCompile>
    <ClCompile Include="QCHMatchMember.cpp">
      <Filter>Source Files</Filter>
    </ClCompile>
    <ClCompile Include="QCHMatchResult.cpp">
      <Filter>Source Files</Filter>
    </ClCompile>
    <ClCompile Include="QCHMember.cpp">
      <Filter>Source Files</Filter>
    </ClCompile>
    <ClCompile Include="QCHPhase.cpp">
      <Filter>Source Files</Filter>
    </ClCompile>
    <ClCompile Include="QCHPhaseBase.cpp">
      <Filter>Source Files</Filter>
    </ClCompile>
    <ClCompile Include="QCHPool.cpp">
      <Filter>Source Files</Filter>
    </ClCompile>
    <ClCompile Include="QCHPoolResult.cpp">
      <Filter>Source Files</Filter>
    </ClCompile>
    <ClCompile Include="QCHRatingDif.cpp">
      <Filter>Source Files</Filter>
    </ClCompile>
    <ClCompile Include="QCHRegister.cpp">
      <Filter>Source Files</Filter>
    </ClCompile>
    <ClCompile Include="QCHSession.cpp">
      <Filter>Source Files</Filter>
    </ClCompile>
    <ClCompile Include="QCHSplitMatch.cpp">
      <Filter>Source Files</Filter>
    </ClCompile>
    <ClCompile Include="QCHSplitMatchResult.cpp">
      <Filter>Source Files</Filter>
    </ClCompile>
    <ClCompile Include="QCHTeamMatchsCnfg.cpp">
      <Filter>Source Files</Filter>
    </ClCompile>
    <ClCompile Include="stdCHMngt.cpp">
      <Filter>Source Files</Filter>
    </ClCompile>
    <ClCompile Include="UCHCourt.cpp">
      <Filter>Source Files</Filter>
    </ClCompile>
    <ClCompile Include="UCHDiscipline.cpp">
      <Filter>Source Files</Filter>
    </ClCompile>
    <ClCompile Include="UCHEvent.cpp">
      <Filter>Source Files</Filter>
    </ClCompile>
    <ClCompile Include="UCHEventResult.cpp">
      <Filter>Source Files</Filter>
    </ClCompile>
    <ClCompile Include="UCHInscription.cpp">
      <Filter>Source Files</Filter>
    </ClCompile>
    <ClCompile Include="UCHJudge.cpp">
      <Filter>Source Files</Filter>
    </ClCompile>
    <ClCompile Include="UCHMasterType.cpp">
      <Filter>Source Files</Filter>
    </ClCompile>
    <ClCompile Include="UCHMatch.cpp">
      <Filter>Source Files</Filter>
    </ClCompile>
    <ClCompile Include="UCHMatchJudge.cpp">
      <Filter>Source Files</Filter>
    </ClCompile>
    <ClCompile Include="UCHMatchMember.cpp">
      <Filter>Source Files</Filter>
    </ClCompile>
    <ClCompile Include="UCHMatchResult.cpp">
      <Filter>Source Files</Filter>
    </ClCompile>
    <ClCompile Include="UCHMember.cpp">
      <Filter>Source Files</Filter>
    </ClCompile>
    <ClCompile Include="UCHPhase.cpp">
      <Filter>Source Files</Filter>
    </ClCompile>
    <ClCompile Include="UCHPhaseBase.cpp">
      <Filter>Source Files</Filter>
    </ClCompile>
    <ClCompile Include="UCHPool.cpp">
      <Filter>Source Files</Filter>
    </ClCompile>
    <ClCompile Include="UCHPoolResult.cpp">
      <Filter>Source Files</Filter>
    </ClCompile>
    <ClCompile Include="UCHRatingDif.cpp">
      <Filter>Source Files</Filter>
    </ClCompile>
    <ClCompile Include="UCHRegister.cpp">
      <Filter>Source Files</Filter>
    </ClCompile>
    <ClCompile Include="UCHSession.cpp">
      <Filter>Source Files</Filter>
    </ClCompile>
    <ClCompile Include="UCHSplitMatch.cpp">
      <Filter>Source Files</Filter>
    </ClCompile>
    <ClCompile Include="UCHSplitMatchResult.cpp">
      <Filter>Source Files</Filter>
    </ClCompile>
    <ClCompile Include="UCHTeamMatchsCnfg.cpp">
      <Filter>Source Files</Filter>
    </ClCompile>
  </ItemGroup>
  <ItemGroup>
    <ClInclude Include="CHClassIDs.h">
      <Filter>Header Files</Filter>
    </ClInclude>
    <ClInclude Include="CHCourt.h">
      <Filter>Header Files</Filter>
    </ClInclude>
    <ClInclude Include="CHDiscipline.h">
      <Filter>Header Files</Filter>
    </ClInclude>
    <ClInclude Include="CHEvent.h">
      <Filter>Header Files</Filter>
    </ClInclude>
    <ClInclude Include="CHEventResult.h">
      <Filter>Header Files</Filter>
    </ClInclude>
    <ClInclude Include="CHInscription.h">
      <Filter>Header Files</Filter>
    </ClInclude>
    <ClInclude Include="CHJudge.h">
      <Filter>Header Files</Filter>
    </ClInclude>
    <ClInclude Include="CHMasterType.h">
      <Filter>Header Files</Filter>
    </ClInclude>
    <ClInclude Include="CHMatch.h">
      <Filter>Header Files</Filter>
    </ClInclude>
    <ClInclude Include="CHMatchJudge.h">
      <Filter>Header Files</Filter>
    </ClInclude>
    <ClInclude Include="CHMatchMember.h">
      <Filter>Header Files</Filter>
    </ClInclude>
    <ClInclude Include="CHMatchResult.h">
      <Filter>Header Files</Filter>
    </ClInclude>
    <ClInclude Include="CHMember.h">
      <Filter>Header Files</Filter>
    </ClInclude>
    <ClInclude Include="CHMemoryDataBase.h">
      <Filter>Header Files</Filter>
    </ClInclude>
    <ClInclude Include="CHMsgDefines.h">
      <Filter>Header Files</Filter>
    </ClInclude>
    <ClInclude Include="CHPhase.h">
      <Filter>Header Files</Filter>
    </ClInclude>
    <ClInclude Include="CHPhaseBase.h">
      <Filter>Header Files</Filter>
    </ClInclude>
    <ClInclude Include="CHPool.h">
      <Filter>Header Files</Filter>
    </ClInclude>
    <ClInclude Include="CHPoolResult.h">
      <Filter>Header Files</Filter>
    </ClInclude>
    <ClInclude Include="CHRatingDif.h">
      <Filter>Header Files</Filter>
    </ClInclude>
    <ClInclude Include="CHRegister.h">
      <Filter>Header Files</Filter>
    </ClInclude>
    <ClInclude Include="CHSession.h">
      <Filter>Header Files</Filter>
    </ClInclude>
    <ClInclude Include="CHSplitMatch.h">
      <Filter>Header Files</Filter>
    </ClInclude>
    <ClInclude Include="CHSplitMatchResult.h">
      <Filter>Header Files</Filter>
    </ClInclude>
    <ClInclude Include="CHSportDefines.h">
      <Filter>Header Files</Filter>
    </ClInclude>
    <ClInclude Include="CHStatisticDefines.h">
      <Filter>Header Files</Filter>
    </ClInclude>
    <ClInclude Include="CHTeamMatchsCnfg.h">
      <Filter>Header Files</Filter>
    </ClInclude>
    <ClInclude Include="QCHCourt.h">
      <Filter>Header Files</Filter>
    </ClInclude>
    <ClInclude Include="QCHDiscipline.h">
      <Filter>Header Files</Filter>
    </ClInclude>
    <ClInclude Include="QCHEvent.h">
      <Filter>Header Files</Filter>
    </ClInclude>
    <ClInclude Include="QCHEventResult.h">
      <Filter>Header Files</Filter>
    </ClInclude>
    <ClInclude Include="QCHInscription.h">
      <Filter>Header Files</Filter>
    </ClInclude>
    <ClInclude Include="QCHJudge.h">
      <Filter>Header Files</Filter>
    </ClInclude>
    <ClInclude Include="QCHMasterType.h">
      <Filter>Header Files</Filter>
    </ClInclude>
    <ClInclude Include="QCHMatch.h">
      <Filter>Header Files</Filter>
    </ClInclude>
    <ClInclude Include="QCHMatchJudge.h">
      <Filter>Header Files</Filter>
    </ClInclude>
    <ClInclude Include="QCHMatchMember.h">
      <Filter>Header Files</Filter>
    </ClInclude>
    <ClInclude Include="QCHMatchResult.h">
      <Filter>Header Files</Filter>
    </ClInclude>
    <ClInclude Include="QCHMember.h">
      <Filter>Header Files</Filter>
    </ClInclude>
    <ClInclude Include="QCHPhase.h">
      <Filter>Header Files</Filter>
    </ClInclude>
    <ClInclude Include="QCHPhaseBase.h">
      <Filter>Header Files</Filter>
    </ClInclude>
    <ClInclude Include="QCHPool.h">
      <Filter>Header Files</Filter>
    </ClInclude>
    <ClInclude Include="QCHPoolResult.h">
      <Filter>Header Files</Filter>
    </ClInclude>
    <ClInclude Include="QCHRatingDif.h">
      <Filter>Header Files</Filter>
    </ClInclude>
    <ClInclude Include="QCHRegister.h">
      <Filter>Header Files</Filter>
    </ClInclude>
    <ClInclude Include="QCHSession.h">
      <Filter>Header Files</Filter>
    </ClInclude>
    <ClInclude Include="QCHSplitMatch.h">
      <Filter>Header Files</Filter>
    </ClInclude>
    <ClInclude Include="QCHSplitMatchResult.h">
      <Filter>Header Files</Filter>
    </ClInclude>
    <ClInclude Include="QCHTeamMatchsCnfg.h">
      <Filter>Header Files</Filter>
    </ClInclude>
    <ClInclude Include="stdCHMngt.h">
      <Filter>Header Files</Filter>
    </ClInclude>
    <ClInclude Include="UCHCourt.h">
      <Filter>Header Files</Filter>
    </ClInclude>
    <ClInclude Include="UCHDiscipline.h">
      <Filter>Header Files</Filter>
    </ClInclude>
    <ClInclude Include="UCHEvent.h">
      <Filter>Header Files</Filter>
    </ClInclude>
    <ClInclude Include="UCHEventResult.h">
      <Filter>Header Files</Filter>
    </ClInclude>
    <ClInclude Include="UCHInscription.h">
      <Filter>Header Files</Filter>
    </ClInclude>
    <ClInclude Include="UCHJudge.h">
      <Filter>Header Files</Filter>
    </ClInclude>
    <ClInclude Include="UCHMasterType.h">
      <Filter>Header Files</Filter>
    </ClInclude>
    <ClInclude Include="UCHMatch.h">
      <Filter>Header Files</Filter>
    </ClInclude>
    <ClInclude Include="UCHMatchJudge.h">
      <Filter>Header Files</Filter>
    </ClInclude>
    <ClInclude Include="UCHMatchMember.h">
      <Filter>Header Files</Filter>
    </ClInclude>
    <ClInclude Include="UCHMatchResult.h">
      <Filter>Header Files</Filter>
    </ClInclude>
    <ClInclude Include="UCHMember.h">
      <Filter>Header Files</Filter>
    </ClInclude>
    <ClInclude Include="UCHPhase.h">
      <Filter>Header Files</Filter>
    </ClInclude>
    <ClInclude Include="UCHPhaseBase.h">
      <Filter>Header Files</Filter>
    </ClInclude>
    <ClInclude Include="UCHPool.h">
      <Filter>Header Files</Filter>
    </ClInclude>
    <ClInclude Include="UCHPoolResult.h">
      <Filter>Header Files</Filter>
    </ClInclude>
    <ClInclude Include="UCHRatingDif.h">
      <Filter>Header Files</Filter>
    </ClInclude>
    <ClInclude Include="UCHRegister.h">
      <Filter>Header Files</Filter>
    </ClInclude>
    <ClInclude Include="UCHSession.h">
      <Filter>Header Files</Filter>
    </ClInclude>
    <ClInclude Include="UCHSplitMatch.h">
      <Filter>Header Files</Filter>
    </ClInclude>
    <ClInclude Include="UCHSplitMatchResult.h">
      <Filter>Header Files</Filter>
    </ClInclude>
    <ClInclude Include="UCHTeamMatchsCnfg.h">
      <Filter>Header Files</Filter>
    </ClInclude>
  </ItemGroup>
</Project>