<?xml version="1.0" encoding="utf-8"?>
<Project ToolsVersion="4.0" xmlns="http://schemas.microsoft.com/developer/msbuild/2003">
  <ItemGroup>
    <Filter Include="Source Files">
      <UniqueIdentifier>{f8000c15-3839-4686-8de6-ee19900d0a0e}</UniqueIdentifier>
      <Extensions>cpp;c;cxx;rc;def;r;odl;idl;hpj;bat</Extensions>
    </Filter>
    <Filter Include="Header Files">
      <UniqueIdentifier>{f882984a-4f1e-4163-90b1-efe6ee068bef}</UniqueIdentifier>
      <Extensions>h;hpp;hxx;hm;inl</Extensions>
    </Filter>
    <Filter Include="Resource Files">
      <UniqueIdentifier>{59653fef-8ddd-468c-b0d6-e59a8c094278}</UniqueIdentifier>
      <Extensions>ico;cur;bmp;dlg;rc2;rct;bin;rgs;gif;jpg;jpeg;jpe</Extensions>
    </Filter>
  </ItemGroup>
  <ItemGroup>
    <ClCompile Include="CHCnfgDisciplineFormView.cpp">
      <Filter>Source Files</Filter>
    </ClCompile>
    <ClCompile Include="CHCnfgEventsFormView.cpp">
      <Filter>Source Files</Filter>
    </ClCompile>
    <ClCompile Include="CHCnfgMatchJudgeDlg.cpp">
      <Filter>Source Files</Filter>
    </ClCompile>
    <ClCompile Include="CHCnfgTeamMembersDlg.cpp">
      <Filter>Source Files</Filter>
    </ClCompile>
    <ClCompile Include="CHCnfgTeamSchedule.cpp">
      <Filter>Source Files</Filter>
    </ClCompile>
    <ClCompile Include="CHEvenControlOperations.cpp">
      <Filter>Source Files</Filter>
    </ClCompile>
    <ClCompile Include="CHEventCnfgGUIExtPhases.cpp">
      <Filter>Source Files</Filter>
    </ClCompile>
    <ClCompile Include="CHEventCnfgGUIExtRank.cpp">
      <Filter>Source Files</Filter>
    </ClCompile>
    <ClCompile Include="CHEventCnfgGUIExtRating.cpp">
      <Filter>Source Files</Filter>
    </ClCompile>
    <ClCompile Include="CHEventControlFormView.cpp">
      <Filter>Source Files</Filter>
    </ClCompile>
    <ClCompile Include="CHEventControlMoveManager.cpp">
      <Filter>Source Files</Filter>
    </ClCompile>
    <ClCompile Include="CHEventControlMultiScrollBar.cpp">
      <Filter>Source Files</Filter>
    </ClCompile>
    <ClCompile Include="CHEventControlSquare.cpp">
      <Filter>Source Files</Filter>
    </ClCompile>
    <ClCompile Include="CHEventControlTable.cpp">
      <Filter>Source Files</Filter>
    </ClCompile>
    <ClCompile Include="CHFideInformationDlg.cpp">
      <Filter>Source Files</Filter>
    </ClCompile>
    <ClCompile Include="CHFinalStandingsDlg.cpp">
      <Filter>Source Files</Filter>
    </ClCompile>
    <ClCompile Include="CHInscriptionFormView.cpp">
      <Filter>Source Files</Filter>
    </ClCompile>
    <ClCompile Include="CHJudgesDlg.cpp">
      <Filter>Source Files</Filter>
    </ClCompile>
    <ClCompile Include="CHManager.cpp">
      <Filter>Source Files</Filter>
    </ClCompile>
    <ClCompile Include="CHManualEventControl.cpp">
      <Filter>Source Files</Filter>
    </ClCompile>
    <ClCompile Include="CHMasterTypeDlg.cpp">
      <Filter>Source Files</Filter>
    </ClCompile>
    <ClCompile Include="CHMatchVisorFormView.cpp">
      <Filter>Source Files</Filter>
    </ClCompile>
    <ClCompile Include="CHNARegisterFormView.cpp">
      <Filter>Source Files</Filter>
    </ClCompile>
    <ClCompile Include="CHPasswordDlg.cpp">
      <Filter>Source Files</Filter>
    </ClCompile>
    <ClCompile Include="CHPgnMatchesDlg.cpp">
      <Filter>Source Files</Filter>
    </ClCompile>
    <ClCompile Include="CHPhasesDlg.cpp">
      <Filter>Source Files</Filter>
    </ClCompile>
    <ClCompile Include="CHProgression.cpp">
      <Filter>Source Files</Filter>
    </ClCompile>
    <ClCompile Include="CHProgressionFormView.cpp">
      <Filter>Source Files</Filter>
    </ClCompile>
    <ClCompile Include="CHRanking.cpp">
      <Filter>Source Files</Filter>
    </ClCompile>
    <ClCompile Include="CHReadFile.cpp">
      <Filter>Source Files</Filter>
    </ClCompile>
    <ClCompile Include="CHScheduleFormView.cpp">
      <Filter>Source Files</Filter>
    </ClCompile>
    <ClCompile Include="CHStatusDlg.cpp">
      <Filter>Source Files</Filter>
    </ClCompile>
    <ClCompile Include="CHStatusManager.cpp">
      <Filter>Source Files</Filter>
    </ClCompile>
    <ClCompile Include="CHTeamCompCnfg.cpp">
      <Filter>Source Files</Filter>
    </ClCompile>
    <ClCompile Include="CHTeamResults.cpp">
      <Filter>Source Files</Filter>
    </ClCompile>
    <ClCompile Include="CHTreatPhases.cpp">
      <Filter>Source Files</Filter>
    </ClCompile>
    <ClCompile Include="CHTreatPools.cpp">
      <Filter>Source Files</Filter>
    </ClCompile>
    <ClCompile Include="CHTreatSession.cpp">
      <Filter>Source Files</Filter>
    </ClCompile>
    <ClCompile Include="stdafx.cpp">
      <Filter>Source Files</Filter>
    </ClCompile>
  </ItemGroup>
  <ItemGroup>
    <ResourceCompile Include="CHManager.rc">
      <Filter>Source Files</Filter>
    </ResourceCompile>
  </ItemGroup>
  <ItemGroup>
    <ClInclude Include="CHCnfgDisciplineFormView.h">
      <Filter>Header Files</Filter>
    </ClInclude>
    <ClInclude Include="CHCnfgEventsFormView.h">
      <Filter>Header Files</Filter>
    </ClInclude>
    <ClInclude Include="CHCnfgMatchJudgeDlg.h">
      <Filter>Header Files</Filter>
    </ClInclude>
    <ClInclude Include="CHCnfgTeamMembersDlg.h">
      <Filter>Header Files</Filter>
    </ClInclude>
    <ClInclude Include="CHCnfgTeamSchedule.h">
      <Filter>Header Files</Filter>
    </ClInclude>
    <ClInclude Include="CHDefines.h">
      <Filter>Header Files</Filter>
    </ClInclude>
    <ClInclude Include="CHEvenControlOperations.h">
      <Filter>Header Files</Filter>
    </ClInclude>
    <ClInclude Include="CHEventCnfgGUIExtPhases.h">
      <Filter>Header Files</Filter>
    </ClInclude>
    <ClInclude Include="CHEventCnfgGUIExtRank.h">
      <Filter>Header Files</Filter>
    </ClInclude>
    <ClInclude Include="CHEventCnfgGUIExtRating.h">
      <Filter>Header Files</Filter>
    </ClInclude>
    <ClInclude Include="CHEventControlFormView.h">
      <Filter>Header Files</Filter>
    </ClInclude>
    <ClInclude Include="CHEventControlMoveManager.h">
      <Filter>Header Files</Filter>
    </ClInclude>
    <ClInclude Include="CHEventControlMultiScrollBar.h">
      <Filter>Header Files</Filter>
    </ClInclude>
    <ClInclude Include="CHEventControlSquare.h">
      <Filter>Header Files</Filter>
    </ClInclude>
    <ClInclude Include="CHEventControlTable.h">
      <Filter>Header Files</Filter>
    </ClInclude>
    <ClInclude Include="CHFideInformationDlg.h">
      <Filter>Header Files</Filter>
    </ClInclude>
    <ClInclude Include="CHFinalStandingsDlg.h">
      <Filter>Header Files</Filter>
    </ClInclude>
    <ClInclude Include="CHInscriptionFormView.h">
      <Filter>Header Files</Filter>
    </ClInclude>
    <ClInclude Include="CHJudgesDlg.h">
      <Filter>Header Files</Filter>
    </ClInclude>
    <ClInclude Include="CHManager.h">
      <Filter>Header Files</Filter>
    </ClInclude>
    <ClInclude Include="CHManualEventControl.h">
      <Filter>Header Files</Filter>
    </ClInclude>
    <ClInclude Include="CHMasterTypeDlg.h">
      <Filter>Header Files</Filter>
    </ClInclude>
    <ClInclude Include="CHMatchVisorFormView.h">
      <Filter>Header Files</Filter>
    </ClInclude>
    <ClInclude Include="CHMsgDefines.h">
      <Filter>Header Files</Filter>
    </ClInclude>
    <ClInclude Include="CHNARegisterFormView.h">
      <Filter>Header Files</Filter>
    </ClInclude>
    <ClInclude Include="CHPasswordDlg.h">
      <Filter>Header Files</Filter>
    </ClInclude>
    <ClInclude Include="CHPgnMatchesDlg.h">
      <Filter>Header Files</Filter>
    </ClInclude>
    <ClInclude Include="CHPhasesDlg.h">
      <Filter>Header Files</Filter>
    </ClInclude>
    <ClInclude Include="CHProgression.h">
      <Filter>Header Files</Filter>
    </ClInclude>
    <ClInclude Include="CHProgressionFormView.h">
      <Filter>Header Files</Filter>
    </ClInclude>
    <ClInclude Include="CHRanking.h">
      <Filter>Header Files</Filter>
    </ClInclude>
    <ClInclude Include="CHReadFile.h">
      <Filter>Header Files</Filter>
    </ClInclude>
    <ClInclude Include="CHScheduleFormView.h">
      <Filter>Header Files</Filter>
    </ClInclude>
    <ClInclude Include="CHStatusDlg.h">
      <Filter>Header Files</Filter>
    </ClInclude>
    <ClInclude Include="CHStatusManager.h">
      <Filter>Header Files</Filter>
    </ClInclude>
    <ClInclude Include="CHTeamCompCnfg.h">
      <Filter>Header Files</Filter>
    </ClInclude>
    <ClInclude Include="CHTeamResults.h">
      <Filter>Header Files</Filter>
    </ClInclude>
    <ClInclude Include="CHTreatPhases.h">
      <Filter>Header Files</Filter>
    </ClInclude>
    <ClInclude Include="CHTreatPools.h">
      <Filter>Header Files</Filter>
    </ClInclude>
    <ClInclude Include="CHTreatSession.h">
      <Filter>Header Files</Filter>
    </ClInclude>
    <ClInclude Include="resource.h">
      <Filter>Header Files</Filter>
    </ClInclude>
    <ClInclude Include="stdafx.h">
      <Filter>Header Files</Filter>
    </ClInclude>
  </ItemGroup>
  <ItemGroup>
    <CustomBuild Include="res\b15o.bmp">
      <Filter>Resource Files</Filter>
    </CustomBuild>
    <CustomBuild Include="res\b15s.bmp">
      <Filter>Resource Files</Filter>
    </CustomBuild>
    <CustomBuild Include="res\b21o.bmp">
      <Filter>Resource Files</Filter>
    </CustomBuild>
    <CustomBuild Include="res\b21s.bmp">
      <Filter>Resource Files</Filter>
    </CustomBuild>
    <CustomBuild Include="res\backbrown2.bmp">
      <Filter>Resource Files</Filter>
    </CustomBuild>
    <CustomBuild Include="res\backBrown3.bmp">
      <Filter>Resource Files</Filter>
    </CustomBuild>
    <CustomBuild Include="res\Black_Pawn.bmp">
      <Filter>Resource Files</Filter>
    </CustomBuild>
    <CustomBuild Include="res\blue_line_black.bmp">
      <Filter>Resource Files</Filter>
    </CustomBuild>
    <CustomBuild Include="res\blue_line_white.bmp">
      <Filter>Resource Files</Filter>
    </CustomBuild>
    <CustomBuild Include="res\bmp_back.bmp">
      <Filter>Resource Files</Filter>
    </CustomBuild>
    <CustomBuild Include="res\bmp_background.bmp">
      <Filter>Resource Files</Filter>
    </CustomBuild>
    <CustomBuild Include="res\BMP_BEFORE.bmp">
      <Filter>Resource Files</Filter>
    </CustomBuild>
    <CustomBuild Include="res\BMP_Black.bmp">
      <Filter>Resource Files</Filter>
    </CustomBuild>
    <CustomBuild Include="res\bmp_check.bmp">
      <Filter>Resource Files</Filter>
    </CustomBuild>
    <CustomBuild Include="res\BMP_NEXT.bmp">
      <Filter>Resource Files</Filter>
    </CustomBuild>
    <CustomBuild Include="res\BMP_POINT.bmp">
      <Filter>Resource Files</Filter>
    </CustomBuild>
    <CustomBuild Include="res\bmp_save.bmp">
      <Filter>Resource Files</Filter>
    </CustomBuild>
    <CustomBuild Include="res\BMP_Send_FIDE.bmp">
      <Filter>Resource Files</Filter>
    </CustomBuild>
    <CustomBuild Include="res\bmp_uncheck.bmp">
      <Filter>Resource Files</Filter>
    </CustomBuild>
    <CustomBuild Include="res\bmp_validate.bmp">
      <Filter>Resource Files</Filter>
    </CustomBuild>
    <CustomBuild Include="res\BMP_White.bmp">
      <Filter>Resource Files</Filter>
    </CustomBuild>
    <CustomBuild Include="res\bronze.bmp">
      <Filter>Resource Files</Filter>
    </CustomBuild>
    <CustomBuild Include="res\chess_back.bmp">
      <Filter>Resource Files</Filter>
    </CustomBuild>
    <CustomBuild Include="res\chess_logo.bmp">
      <Filter>Resource Files</Filter>
    </CustomBuild>
    <CustomBuild Include="res\down.bmp">
      <Filter>Resource Files</Filter>
    </CustomBuild>
    <CustomBuild Include="res\findMatch.bmp">
      <Filter>Resource Files</Filter>
    </CustomBuild>
    <CustomBuild Include="res\green_select_black.bmp">
      <Filter>Resource Files</Filter>
    </CustomBuild>
    <CustomBuild Include="res\green_select_white.bmp">
      <Filter>Resource Files</Filter>
    </CustomBuild>
    <CustomBuild Include="idr_main.ico">
      <Filter>Resource Files</Filter>
    </CustomBuild>
    <CustomBuild Include="res\k15o.bmp">
      <Filter>Resource Files</Filter>
    </CustomBuild>
    <CustomBuild Include="res\k15s.bmp">
      <Filter>Resource Files</Filter>
    </CustomBuild>
    <CustomBuild Include="res\k21o.bmp">
      <Filter>Resource Files</Filter>
    </CustomBuild>
    <CustomBuild Include="res\k21s.bmp">
      <Filter>Resource Files</Filter>
    </CustomBuild>
    <CustomBuild Include="res\MemberRight.bmp">
      <Filter>Resource Files</Filter>
    </CustomBuild>
    <CustomBuild Include="res\n15o.bmp">
      <Filter>Resource Files</Filter>
    </CustomBuild>
    <CustomBuild Include="res\n15s.bmp">
      <Filter>Resource Files</Filter>
    </CustomBuild>
    <CustomBuild Include="res\n21o.bmp">
      <Filter>Resource Files</Filter>
    </CustomBuild>
    <CustomBuild Include="res\n21s.bmp">
      <Filter>Resource Files</Filter>
    </CustomBuild>
    <CustomBuild Include="res\p21o.bmp">
      <Filter>Resource Files</Filter>
    </CustomBuild>
    <CustomBuild Include="res\p21s.bmp">
      <Filter>Resource Files</Filter>
    </CustomBuild>
    <CustomBuild Include="res\q15o.bmp">
      <Filter>Resource Files</Filter>
    </CustomBuild>
    <CustomBuild Include="res\q15s.bmp">
      <Filter>Resource Files</Filter>
    </CustomBuild>
    <CustomBuild Include="res\q21o.bmp">
      <Filter>Resource Files</Filter>
    </CustomBuild>
    <CustomBuild Include="res\q21s.bmp">
      <Filter>Resource Files</Filter>
    </CustomBuild>
    <CustomBuild Include="res\r15o.bmp">
      <Filter>Resource Files</Filter>
    </CustomBuild>
    <CustomBuild Include="res\r15s.bmp">
      <Filter>Resource Files</Filter>
    </CustomBuild>
    <CustomBuild Include="res\r21o.bmp">
      <Filter>Resource Files</Filter>
    </CustomBuild>
    <CustomBuild Include="res\r21s.bmp">
      <Filter>Resource Files</Filter>
    </CustomBuild>
    <CustomBuild Include="res\undo.bmp">
      <Filter>Resource Files</Filter>
    </CustomBuild>
    <CustomBuild Include="res\up.bmp">
      <Filter>Resource Files</Filter>
    </CustomBuild>
    <CustomBuild Include="res\white_line_black.bmp">
      <Filter>Resource Files</Filter>
    </CustomBuild>
    <CustomBuild Include="res\white_line_white.bmp">
      <Filter>Resource Files</Filter>
    </CustomBuild>
    <CustomBuild Include="res\White_Pawn.bmp">
      <Filter>Resource Files</Filter>
    </CustomBuild>
  </ItemGroup>
</Project>