<?xml version="1.0" encoding="utf-8"?>
<Project ToolsVersion="4.0" xmlns="http://schemas.microsoft.com/developer/msbuild/2003">
  <ItemGroup>
    <Filter Include="Source Files">
      <UniqueIdentifier>{4FC737F1-C7A5-4376-A066-2A32D752A2FF}</UniqueIdentifier>
      <Extensions>cpp;c;cc;cxx;def;odl;idl;hpj;bat;asm;asmx</Extensions>
    </Filter>
    <Filter Include="Header Files">
      <UniqueIdentifier>{93995380-89BD-4b04-88EB-625FBE52EBFB}</UniqueIdentifier>
      <Extensions>h;hpp;hxx;hm;inl;inc;xsd</Extensions>
    </Filter>
    <Filter Include="Resource Files">
      <UniqueIdentifier>{67DA6AB6-F800-4c08-8B7A-83BB121AAD01}</UniqueIdentifier>
      <Extensions>rc;ico;cur;bmp;dlg;rc2;rct;bin;rgs;gif;jpg;jpeg;jpe;resx;tiff;tif;png;wav;mfcribbon-ms</Extensions>
    </Filter>
  </ItemGroup>
  <ItemGroup>
    <None Include="ReadMe.txt" />
    <None Include="small.ico">
      <Filter>Resource Files</Filter>
    </None>
    <None Include="CHManager.ico">
      <Filter>Resource Files</Filter>
    </None>
    <None Include="res\load.bmp">
      <Filter>Resource Files</Filter>
    </None>
    <None Include="res\balls.bmp">
      <Filter>Resource Files</Filter>
    </None>
    <None Include="res\draw.bmp">
      <Filter>Resource Files</Filter>
    </None>
    <None Include="res\matchConfig.bmp">
      <Filter>Resource Files</Filter>
    </None>
    <None Include="res\white_line_black.bmp">
      <Filter>Resource Files</Filter>
    </None>
    <None Include="res\white_line_white.bmp">
      <Filter>Resource Files</Filter>
    </None>
    <None Include="res\autoset.bmp">
      <Filter>Resource Files</Filter>
    </None>
    <None Include="res\changeside.bmp">
      <Filter>Resource Files</Filter>
    </None>
    <None Include="res\removeset.bmp">
      <Filter>Resource Files</Filter>
    </None>
  </ItemGroup>
  <ItemGroup>
    <ClInclude Include="stdafx.h">
      <Filter>Header Files</Filter>
    </ClInclude>
    <ClInclude Include="targetver.h">
      <Filter>Header Files</Filter>
    </ClInclude>
    <ClInclude Include="Resource.h">
      <Filter>Header Files</Filter>
    </ClInclude>
    <ClInclude Include="CHManager.h">
      <Filter>Header Files</Filter>
    </ClInclude>
    <ClInclude Include="CHManagerApp.h">
      <Filter>Header Files</Filter>
    </ClInclude>
    <ClInclude Include="CHSportGUI.h">
      <Filter>Header Files</Filter>
    </ClInclude>
    <ClInclude Include="CHManagerDefs.h">
      <Filter>Header Files</Filter>
    </ClInclude>
    <ClInclude Include="CHSendingControl.h">
      <Filter>Header Files</Filter>
    </ClInclude>
    <ClInclude Include="CHEventGUI.h">
      <Filter>Header Files</Filter>
    </ClInclude>
    <ClInclude Include="CHEnableEventGUIEx.h">
      <Filter>Header Files</Filter>
    </ClInclude>
    <ClInclude Include="CHEventCriteriaGUIEx.h">
      <Filter>Header Files</Filter>
    </ClInclude>
    <ClInclude Include="CHPhaseGUIEx.h">
      <Filter>Header Files</Filter>
    </ClInclude>
    <ClInclude Include="CHRatingDiffGUIEx.h">
      <Filter>Header Files</Filter>
    </ClInclude>
    <ClInclude Include="CHEntriesGUI.h">
      <Filter>Header Files</Filter>
    </ClInclude>
    <ClInclude Include="CHEntriesEventGUIEx.h">
      <Filter>Header Files</Filter>
    </ClInclude>
    <ClInclude Include="CHEntriesMemberGUIEx.h">
      <Filter>Header Files</Filter>
    </ClInclude>
    <ClInclude Include="CHEntriesToolBar.h">
      <Filter>Header Files</Filter>
    </ClInclude>
    <ClInclude Include="CHInitialLoadGUI.h">
      <Filter>Header Files</Filter>
    </ClInclude>
    <ClInclude Include="CHProgressionGUI.h">
      <Filter>Header Files</Filter>
    </ClInclude>
    <ClInclude Include="CHProgression.h">
      <Filter>Header Files</Filter>
    </ClInclude>
    <ClInclude Include="CHProgressionData.h">
      <Filter>Header Files</Filter>
    </ClInclude>
    <ClInclude Include="CHModalityData.h">
      <Filter>Header Files</Filter>
    </ClInclude>
    <ClInclude Include="CHManagerPhaseGUI.h">
      <Filter>Header Files</Filter>
    </ClInclude>
    <ClInclude Include="CHMatchGUIEx.h">
      <Filter>Header Files</Filter>
    </ClInclude>
    <ClInclude Include="CHPoolResultGUIEx.h">
      <Filter>Header Files</Filter>
    </ClInclude>
    <ClInclude Include="CHTreeGUIEx.h">
      <Filter>Header Files</Filter>
    </ClInclude>
    <ClInclude Include="CHStatusManager.h">
      <Filter>Header Files</Filter>
    </ClInclude>
    <ClInclude Include="CHPoolResultToolBar.h">
      <Filter>Header Files</Filter>
    </ClInclude>
    <ClInclude Include="CHMatchToolBar.h">
      <Filter>Header Files</Filter>
    </ClInclude>
    <ClInclude Include="CHManagerPoolGUI.h">
      <Filter>Header Files</Filter>
    </ClInclude>
    <ClInclude Include="CHScheduleGUI.h">
      <Filter>Header Files</Filter>
    </ClInclude>
    <ClInclude Include="CHScheduleData.h">
      <Filter>Header Files</Filter>
    </ClInclude>
    <ClInclude Include="CHAvailableMatchGUIEx.h">
      <Filter>Header Files</Filter>
    </ClInclude>
    <ClInclude Include="CHScheduleMatchGUIEx.h">
      <Filter>Header Files</Filter>
    </ClInclude>
    <ClInclude Include="CHMatchConfigurationGUI.h">
      <Filter>Header Files</Filter>
    </ClInclude>
    <ClInclude Include="CHUmpireGUIEx.h">
      <Filter>Header Files</Filter>
    </ClInclude>
    <ClInclude Include="CHMatchConfigToolBar.h">
      <Filter>Header Files</Filter>
    </ClInclude>
    <ClInclude Include="CHSubMatchConfigurationGUIEx.h">
      <Filter>Header Files</Filter>
    </ClInclude>
    <ClInclude Include="CHEventControlOperations.h">
      <Filter>Header Files</Filter>
    </ClInclude>
    <ClInclude Include="CHRanking.h">
      <Filter>Header Files</Filter>
    </ClInclude>
    <ClInclude Include="CHSummaryGUI.h">
      <Filter>Header Files</Filter>
    </ClInclude>
  </ItemGroup>
  <ItemGroup>
    <ClCompile Include="stdafx.cpp">
      <Filter>Source Files</Filter>
    </ClCompile>
    <ClCompile Include="CHManager.cpp">
      <Filter>Source Files</Filter>
    </ClCompile>
    <ClCompile Include="CHManagerApp.cpp">
      <Filter>Source Files</Filter>
    </ClCompile>
    <ClCompile Include="CHSportGUI.cpp">
      <Filter>Source Files</Filter>
    </ClCompile>
    <ClCompile Include="CHSendingControl.cpp">
      <Filter>Source Files</Filter>
    </ClCompile>
    <ClCompile Include="CHEventGUI.cpp">
      <Filter>Source Files</Filter>
    </ClCompile>
    <ClCompile Include="CHEnableEventGUIEx.cpp">
      <Filter>Source Files</Filter>
    </ClCompile>
    <ClCompile Include="CHEventCriteriaGUIEx.cpp">
      <Filter>Source Files</Filter>
    </ClCompile>
    <ClCompile Include="CHPhaseGUIEx.cpp">
      <Filter>Source Files</Filter>
    </ClCompile>
    <ClCompile Include="CHRatingDiffGUIEx.cpp">
      <Filter>Source Files</Filter>
    </ClCompile>
    <ClCompile Include="CHEntriesGUI.cpp">
      <Filter>Source Files</Filter>
    </ClCompile>
    <ClCompile Include="CHEntriesEventGUIEx.cpp">
      <Filter>Source Files</Filter>
    </ClCompile>
    <ClCompile Include="CHEntriesMemberGUIEx.cpp">
      <Filter>Source Files</Filter>
    </ClCompile>
    <ClCompile Include="CHEntriesToolBar.cpp">
      <Filter>Source Files</Filter>
    </ClCompile>
    <ClCompile Include="CHInitialLoadGUI.cpp">
      <Filter>Source Files</Filter>
    </ClCompile>
    <ClCompile Include="CHProgressionGUI.cpp">
      <Filter>Source Files</Filter>
    </ClCompile>
    <ClCompile Include="CHProgression.cpp">
      <Filter>Source Files</Filter>
    </ClCompile>
    <ClCompile Include="CHProgressionData.cpp">
      <Filter>Source Files</Filter>
    </ClCompile>
    <ClCompile Include="CHModalityData.cpp">
      <Filter>Source Files</Filter>
    </ClCompile>
    <ClCompile Include="CHManagerPhaseGUI.cpp">
      <Filter>Source Files</Filter>
    </ClCompile>
    <ClCompile Include="CHMatchGUIEx.cpp">
      <Filter>Source Files</Filter>
    </ClCompile>
    <ClCompile Include="CHPoolResultGUIEx.cpp">
      <Filter>Source Files</Filter>
    </ClCompile>
    <ClCompile Include="CHTreeGUIEx.cpp">
      <Filter>Source Files</Filter>
    </ClCompile>
    <ClCompile Include="CHStatusManager.cpp">
      <Filter>Source Files</Filter>
    </ClCompile>
    <ClCompile Include="CHPoolResultToolBar.cpp">
      <Filter>Source Files</Filter>
    </ClCompile>
    <ClCompile Include="CHMatchToolBar.cpp">
      <Filter>Source Files</Filter>
    </ClCompile>
    <ClCompile Include="CHManagerPoolGUI.cpp">
      <Filter>Source Files</Filter>
    </ClCompile>
    <ClCompile Include="CHScheduleGUI.cpp">
      <Filter>Source Files</Filter>
    </ClCompile>
    <ClCompile Include="CHScheduleData.cpp">
      <Filter>Source Files</Filter>
    </ClCompile>
    <ClCompile Include="CHAvailableMatchGUIEx.cpp">
      <Filter>Source Files</Filter>
    </ClCompile>
    <ClCompile Include="CHScheduleMatchGUIEx.cpp">
      <Filter>Source Files</Filter>
    </ClCompile>
    <ClCompile Include="CHMatchConfigurationGUI.cpp">
      <Filter>Source Files</Filter>
    </ClCompile>
    <ClCompile Include="CHUmpireGUIEx.cpp">
      <Filter>Source Files</Filter>
    </ClCompile>
    <ClCompile Include="CHMatchConfigToolBar.cpp">
      <Filter>Source Files</Filter>
    </ClCompile>
    <ClCompile Include="CHSubMatchConfigurationGUIEx.cpp">
      <Filter>Source Files</Filter>
    </ClCompile>
    <ClCompile Include="CHEventControlOperations.cpp">
      <Filter>Source Files</Filter>
    </ClCompile>
    <ClCompile Include="CHRanking.cpp">
      <Filter>Source Files</Filter>
    </ClCompile>
    <ClCompile Include="CHSummaryGUI.cpp">
      <Filter>Source Files</Filter>
    </ClCompile>
  </ItemGroup>
  <ItemGroup>
    <ResourceCompile Include="CHManager.rc">
      <Filter>Resource Files</Filter>
    </ResourceCompile>
  </ItemGroup>
</Project>